
Microsoft Visual Studio Solution File, Format Version 12.00
# Visual Studio 15
VisualStudioVersion = 15.0.28010.2036
MinimumVisualStudioVersion = 10.0.40219.1
Project("{FAE04EC0-301F-11D3-BF4B-00C04F79EFBC}") = "Kalori.Web", "Kalori\Kalori.Web.csproj", "{61B399AA-172D-40AB-8606-351B5A2A29A8}"
EndProject
Project("{FAE04EC0-301F-11D3-BF4B-00C04F79EFBC}") = "Kalori.Web.UnitTests", "Kalori.UnitTests\Kalori.Web.UnitTests.csproj", "{62434972-9449-490D-BE25-09C70C5B9B16}"
EndProject
Global
	GlobalSection(SolutionConfigurationPlatforms) = preSolution
		Debug|Any CPU = Debug|Any CPU
		Release|Any CPU = Release|Any CPU
	EndGlobalSection
	GlobalSection(ProjectConfigurationPlatforms) = postSolution
		{61B399AA-172D-40AB-8606-351B5A2A29A8}.Debug|Any CPU.ActiveCfg = Debug|Any CPU
		{61B399AA-172D-40AB-8606-351B5A2A29A8}.Debug|Any CPU.Build.0 = Debug|Any CPU
		{61B399AA-172D-40AB-8606-351B5A2A29A8}.Release|Any CPU.ActiveCfg = Release|Any CPU
		{61B399AA-172D-40AB-8606-351B5A2A29A8}.Release|Any CPU.Build.0 = Release|Any CPU
		{62434972-9449-490D-BE25-09C70C5B9B16}.Debug|Any CPU.ActiveCfg = Debug|Any CPU
		{62434972-9449-490D-BE25-09C70C5B9B16}.Debug|Any CPU.Build.0 = Debug|Any CPU
		{62434972-9449-490D-BE25-09C70C5B9B16}.Release|Any CPU.ActiveCfg = Release|Any CPU
		{62434972-9449-490D-BE25-09C70C5B9B16}.Release|Any CPU.Build.0 = Release|Any CPU
	EndGlobalSection
	GlobalSection(SolutionProperties) = preSolution
		HideSolutionNode = FALSE
	EndGlobalSection
	GlobalSection(ExtensibilityGlobals) = postSolution
		SolutionGuid = {CB0B056D-46D1-45B5-875C-5DDC5D6138DA}
	EndGlobalSection
EndGlobal
